
Microsoft Visual Studio Solution File, Format Version 12.00
Project("{2150E333-8FDC-42A3-9474-1A3956D46DE8}") = "Solution Items", "Solution Items", "{65375FAF-5751-4647-A29E-D9D7D3076E3F}"
	ProjectSection(SolutionItems) = preProject
		docker-compose.yml = docker-compose.yml
		nginx.conf = nginx.conf
	EndProjectSection
EndProject
Project("{2150E333-8FDC-42A3-9474-1A3956D46DE8}") = "src", "src", "{92A9802A-2A7E-4EC4-8464-0F80FA394A80}"
EndProject
Project("{2150E333-8FDC-42A3-9474-1A3956D46DE8}") = "services", "services", "{03AE1B3D-F2F9-4E89-9696-ACCFB002F147}"
EndProject
Project("{2150E333-8FDC-42A3-9474-1A3956D46DE8}") = "Identity", "Identity", "{FFB88D25-95F5-4A29-9C6A-EE7F3C2E1B25}"
EndProject
Project("{FAE04EC0-301F-11D3-BF4B-00C04F79EFBC}") = "Shopi.Identity.API", "Shopi.Identity.API\Shopi.Identity.API.csproj", "{879B74D4-E122-42C7-ACF6-87989160C8E1}"
EndProject
Project("{FAE04EC0-301F-11D3-BF4B-00C04F79EFBC}") = "Shopi.BFF", "Shopi.BFF\Shopi.BFF.csproj", "{0326E081-16C0-4B3F-9C73-75BB008C5455}"
EndProject
Project("{2150E333-8FDC-42A3-9474-1A3956D46DE8}") = "Building Blocks", "Building Blocks", "{025487F7-52CD-4C94-A739-A1B182EF24DD}"
EndProject
Project("{2150E333-8FDC-42A3-9474-1A3956D46DE8}") = "core", "core", "{F0284F5C-6796-41A6-8D37-D1C9D6506CC5}"
EndProject
Project("{FAE04EC0-301F-11D3-BF4B-00C04F79EFBC}") = "Shopi.Core", "Shopi.Core\Shopi.Core.csproj", "{81265F8E-4856-4204-B210-2C598FA95862}"
EndProject
Project("{FAE04EC0-301F-11D3-BF4B-00C04F79EFBC}") = "Shopi.Customer.API", "Shopi.Customer.API\Shopi.Customer.API.csproj", "{0D3D5C75-AF04-4E1C-80F3-3AE2E780E45A}"
EndProject
Project("{FAE04EC0-301F-11D3-BF4B-00C04F79EFBC}") = "Shopi.Identity.Tests.Unit", "Shopi.Identity.Tests.Unit\Shopi.Identity.Tests.Unit.csproj", "{FDBA44D6-9E34-4FA9-A7EF-906EF48B9D0A}"
EndProject
Project("{2150E333-8FDC-42A3-9474-1A3956D46DE8}") = "Products", "Products", "{863015B1-3D48-4ADF-B897-3627E54B2394}"
EndProject
Project("{FAE04EC0-301F-11D3-BF4B-00C04F79EFBC}") = "Shopi.Product.API", "Shopi.Product.API\Shopi.Product.API.csproj", "{ECB767CE-87EC-4541-A106-AEE4285829DE}"
EndProject
Project("{FAE04EC0-301F-11D3-BF4B-00C04F79EFBC}") = "Shopi.Admin.API", "Shopi.Admin.API\Shopi.Admin.API.csproj", "{94A18DCD-7549-4E39-8125-41C43D280460}"
EndProject
Project("{FAE04EC0-301F-11D3-BF4B-00C04F79EFBC}") = "Shopi.Images.API", "Shopi.Images.API\Shopi.Images.API.csproj", "{E25DBDF6-145B-474E-97EE-F142E3EF38C7}"
EndProject
Project("{2150E333-8FDC-42A3-9474-1A3956D46DE8}") = "Product", "Product", "{198831C0-9CCE-4BA7-8F8D-BAA37954D172}"
EndProject
Project("{FAE04EC0-301F-11D3-BF4B-00C04F79EFBC}") = "Shopi.Product.Application", "Shopi.Product.Application\Shopi.Product.Application.csproj", "{C2FC7223-BA87-4BDD-88F4-FC502CC4552C}"
EndProject
Project("{FAE04EC0-301F-11D3-BF4B-00C04F79EFBC}") = "Shopi.Product.Domain", "Shopi.Product.Domain\Shopi.Product.Domain.csproj", "{6CA30E19-F87B-4B9B-A057-C49717F826A4}"
EndProject
Project("{FAE04EC0-301F-11D3-BF4B-00C04F79EFBC}") = "Shopi.Product.Infrastructure", "Shopi.Product.Infrastructure\Shopi.Product.Infrastructure.csproj", "{B13B7A95-E65B-44BB-AB1F-0548B97B4154}"
EndProject
Project("{2150E333-8FDC-42A3-9474-1A3956D46DE8}") = "Admin", "Admin", "{876F51C8-2245-4966-98ED-23D05B03B3BC}"
EndProject
Project("{FAE04EC0-301F-11D3-BF4B-00C04F79EFBC}") = "Shopi.Admin.Application", "Shopi.Admin.Application\Shopi.Admin.Application.csproj", "{E27DACBA-9B45-4437-9C74-1D75FCC6FE89}"
EndProject
Project("{FAE04EC0-301F-11D3-BF4B-00C04F79EFBC}") = "Shopi.Admin.Domain", "Shopi.Admin.Domain\Shopi.Admin.Domain.csproj", "{B2476999-2576-4CEF-9B3F-ED7DD72F6555}"
EndProject
Project("{FAE04EC0-301F-11D3-BF4B-00C04F79EFBC}") = "Shopi.Admin.Infrastructure", "Shopi.Admin.Infrastructure\Shopi.Admin.Infrastructure.csproj", "{CEC9C4A1-10B0-4AEF-9ED6-F735A8F6E02F}"
EndProject
Project("{FAE04EC0-301F-11D3-BF4B-00C04F79EFBC}") = "Shopi.Identity.Domain", "Shopi.Identity.Domain\Shopi.Identity.Domain.csproj", "{FD0E9B2F-DA69-418A-973F-58FFC6A29BA5}"
EndProject
Project("{FAE04EC0-301F-11D3-BF4B-00C04F79EFBC}") = "Shopi.Identity.Application", "Shopi.Identity.Application\Shopi.Identity.Application.csproj", "{3F7B6AD8-ED38-43FB-B6B5-40940ACAA183}"
EndProject
Project("{FAE04EC0-301F-11D3-BF4B-00C04F79EFBC}") = "Shopi.Identity.Infrastructure", "Shopi.Identity.Infrastructure\Shopi.Identity.Infrastructure.csproj", "{407F01B3-6E10-4628-B7B2-98BEAC275AD5}"
EndProject
Project("{2150E333-8FDC-42A3-9474-1A3956D46DE8}") = "Customer", "Customer", "{F657791E-61DF-47E5-AA72-5C85E2505A92}"
EndProject
Project("{FAE04EC0-301F-11D3-BF4B-00C04F79EFBC}") = "Shopi.Customer.Domain", "Shopi.Customer.Domain\Shopi.Customer.Domain.csproj", "{2EBE7428-DCE6-4998-AF0C-B2FD0242E246}"
EndProject
Project("{FAE04EC0-301F-11D3-BF4B-00C04F79EFBC}") = "Shopi.Customer.Application", "Shopi.Customer.Application\Shopi.Customer.Application.csproj", "{16EF9E41-294B-415C-ACA3-B0E1C372D00B}"
EndProject
Project("{FAE04EC0-301F-11D3-BF4B-00C04F79EFBC}") = "Shopi.Customer.Infrastructure", "Shopi.Customer.Infrastructure\Shopi.Customer.Infrastructure.csproj", "{7FF07889-FA85-417C-8A59-B7B0BED4C956}"
EndProject
Project("{2150E333-8FDC-42A3-9474-1A3956D46DE8}") = "Image", "Image", "{DB587895-827A-4BB9-BC4F-99035A02612A}"
EndProject
Project("{FAE04EC0-301F-11D3-BF4B-00C04F79EFBC}") = "Shopi.Images.Application", "Shopi.Images.Application\Shopi.Images.Application.csproj", "{D86C4BE5-6EF3-4A40-B721-27207B43E780}"
EndProject
Project("{FAE04EC0-301F-11D3-BF4B-00C04F79EFBC}") = "Shopi.Images.Infrastructure", "Shopi.Images.Infrastructure\Shopi.Images.Infrastructure.csproj", "{9BCF5C32-45B2-4EC7-B0F0-9A7834EE049F}"
EndProject
Project("{FAE04EC0-301F-11D3-BF4B-00C04F79EFBC}") = "Shopi.Images.Domain", "Shopi.Images.Domain\Shopi.Images.Domain.csproj", "{3861E127-D050-4554-87E7-F5DAB7AE39D1}"
EndProject
Project("{FAE04EC0-301F-11D3-BF4B-00C04F79EFBC}") = "Shopi.Product.Tests.Unit", "Shopi.Product.Tests.Unit\Shopi.Product.Tests.Unit.csproj", "{426EDADB-747B-4E98-862E-42BE4EC080D5}"
EndProject
Global
	GlobalSection(SolutionConfigurationPlatforms) = preSolution
		Debug|Any CPU = Debug|Any CPU
		Release|Any CPU = Release|Any CPU
	EndGlobalSection
	GlobalSection(ProjectConfigurationPlatforms) = postSolution
		{879B74D4-E122-42C7-ACF6-87989160C8E1}.Debug|Any CPU.ActiveCfg = Debug|Any CPU
		{879B74D4-E122-42C7-ACF6-87989160C8E1}.Debug|Any CPU.Build.0 = Debug|Any CPU
		{879B74D4-E122-42C7-ACF6-87989160C8E1}.Release|Any CPU.ActiveCfg = Release|Any CPU
		{879B74D4-E122-42C7-ACF6-87989160C8E1}.Release|Any CPU.Build.0 = Release|Any CPU
		{0326E081-16C0-4B3F-9C73-75BB008C5455}.Debug|Any CPU.ActiveCfg = Debug|Any CPU
		{0326E081-16C0-4B3F-9C73-75BB008C5455}.Debug|Any CPU.Build.0 = Debug|Any CPU
		{0326E081-16C0-4B3F-9C73-75BB008C5455}.Release|Any CPU.ActiveCfg = Release|Any CPU
		{0326E081-16C0-4B3F-9C73-75BB008C5455}.Release|Any CPU.Build.0 = Release|Any CPU
		{81265F8E-4856-4204-B210-2C598FA95862}.Debug|Any CPU.ActiveCfg = Debug|Any CPU
		{81265F8E-4856-4204-B210-2C598FA95862}.Debug|Any CPU.Build.0 = Debug|Any CPU
		{81265F8E-4856-4204-B210-2C598FA95862}.Release|Any CPU.ActiveCfg = Release|Any CPU
		{81265F8E-4856-4204-B210-2C598FA95862}.Release|Any CPU.Build.0 = Release|Any CPU
		{0D3D5C75-AF04-4E1C-80F3-3AE2E780E45A}.Debug|Any CPU.ActiveCfg = Debug|Any CPU
		{0D3D5C75-AF04-4E1C-80F3-3AE2E780E45A}.Debug|Any CPU.Build.0 = Debug|Any CPU
		{0D3D5C75-AF04-4E1C-80F3-3AE2E780E45A}.Release|Any CPU.ActiveCfg = Release|Any CPU
		{0D3D5C75-AF04-4E1C-80F3-3AE2E780E45A}.Release|Any CPU.Build.0 = Release|Any CPU
		{FDBA44D6-9E34-4FA9-A7EF-906EF48B9D0A}.Debug|Any CPU.ActiveCfg = Debug|Any CPU
		{FDBA44D6-9E34-4FA9-A7EF-906EF48B9D0A}.Debug|Any CPU.Build.0 = Debug|Any CPU
		{FDBA44D6-9E34-4FA9-A7EF-906EF48B9D0A}.Release|Any CPU.ActiveCfg = Release|Any CPU
		{FDBA44D6-9E34-4FA9-A7EF-906EF48B9D0A}.Release|Any CPU.Build.0 = Release|Any CPU
		{ECB767CE-87EC-4541-A106-AEE4285829DE}.Debug|Any CPU.ActiveCfg = Debug|Any CPU
		{ECB767CE-87EC-4541-A106-AEE4285829DE}.Debug|Any CPU.Build.0 = Debug|Any CPU
		{ECB767CE-87EC-4541-A106-AEE4285829DE}.Release|Any CPU.ActiveCfg = Release|Any CPU
		{ECB767CE-87EC-4541-A106-AEE4285829DE}.Release|Any CPU.Build.0 = Release|Any CPU
		{94A18DCD-7549-4E39-8125-41C43D280460}.Debug|Any CPU.ActiveCfg = Debug|Any CPU
		{94A18DCD-7549-4E39-8125-41C43D280460}.Debug|Any CPU.Build.0 = Debug|Any CPU
		{94A18DCD-7549-4E39-8125-41C43D280460}.Release|Any CPU.ActiveCfg = Release|Any CPU
		{94A18DCD-7549-4E39-8125-41C43D280460}.Release|Any CPU.Build.0 = Release|Any CPU
		{E25DBDF6-145B-474E-97EE-F142E3EF38C7}.Debug|Any CPU.ActiveCfg = Debug|Any CPU
		{E25DBDF6-145B-474E-97EE-F142E3EF38C7}.Debug|Any CPU.Build.0 = Debug|Any CPU
		{E25DBDF6-145B-474E-97EE-F142E3EF38C7}.Release|Any CPU.ActiveCfg = Release|Any CPU
		{E25DBDF6-145B-474E-97EE-F142E3EF38C7}.Release|Any CPU.Build.0 = Release|Any CPU
		{C2FC7223-BA87-4BDD-88F4-FC502CC4552C}.Debug|Any CPU.ActiveCfg = Debug|Any CPU
		{C2FC7223-BA87-4BDD-88F4-FC502CC4552C}.Debug|Any CPU.Build.0 = Debug|Any CPU
		{C2FC7223-BA87-4BDD-88F4-FC502CC4552C}.Release|Any CPU.ActiveCfg = Release|Any CPU
		{C2FC7223-BA87-4BDD-88F4-FC502CC4552C}.Release|Any CPU.Build.0 = Release|Any CPU
		{6CA30E19-F87B-4B9B-A057-C49717F826A4}.Debug|Any CPU.ActiveCfg = Debug|Any CPU
		{6CA30E19-F87B-4B9B-A057-C49717F826A4}.Debug|Any CPU.Build.0 = Debug|Any CPU
		{6CA30E19-F87B-4B9B-A057-C49717F826A4}.Release|Any CPU.ActiveCfg = Release|Any CPU
		{6CA30E19-F87B-4B9B-A057-C49717F826A4}.Release|Any CPU.Build.0 = Release|Any CPU
		{B13B7A95-E65B-44BB-AB1F-0548B97B4154}.Debug|Any CPU.ActiveCfg = Debug|Any CPU
		{B13B7A95-E65B-44BB-AB1F-0548B97B4154}.Debug|Any CPU.Build.0 = Debug|Any CPU
		{B13B7A95-E65B-44BB-AB1F-0548B97B4154}.Release|Any CPU.ActiveCfg = Release|Any CPU
		{B13B7A95-E65B-44BB-AB1F-0548B97B4154}.Release|Any CPU.Build.0 = Release|Any CPU
		{E27DACBA-9B45-4437-9C74-1D75FCC6FE89}.Debug|Any CPU.ActiveCfg = Debug|Any CPU
		{E27DACBA-9B45-4437-9C74-1D75FCC6FE89}.Debug|Any CPU.Build.0 = Debug|Any CPU
		{E27DACBA-9B45-4437-9C74-1D75FCC6FE89}.Release|Any CPU.ActiveCfg = Release|Any CPU
		{E27DACBA-9B45-4437-9C74-1D75FCC6FE89}.Release|Any CPU.Build.0 = Release|Any CPU
		{B2476999-2576-4CEF-9B3F-ED7DD72F6555}.Debug|Any CPU.ActiveCfg = Debug|Any CPU
		{B2476999-2576-4CEF-9B3F-ED7DD72F6555}.Debug|Any CPU.Build.0 = Debug|Any CPU
		{B2476999-2576-4CEF-9B3F-ED7DD72F6555}.Release|Any CPU.ActiveCfg = Release|Any CPU
		{B2476999-2576-4CEF-9B3F-ED7DD72F6555}.Release|Any CPU.Build.0 = Release|Any CPU
		{CEC9C4A1-10B0-4AEF-9ED6-F735A8F6E02F}.Debug|Any CPU.ActiveCfg = Debug|Any CPU
		{CEC9C4A1-10B0-4AEF-9ED6-F735A8F6E02F}.Debug|Any CPU.Build.0 = Debug|Any CPU
		{CEC9C4A1-10B0-4AEF-9ED6-F735A8F6E02F}.Release|Any CPU.ActiveCfg = Release|Any CPU
		{CEC9C4A1-10B0-4AEF-9ED6-F735A8F6E02F}.Release|Any CPU.Build.0 = Release|Any CPU
		{FD0E9B2F-DA69-418A-973F-58FFC6A29BA5}.Debug|Any CPU.ActiveCfg = Debug|Any CPU
		{FD0E9B2F-DA69-418A-973F-58FFC6A29BA5}.Debug|Any CPU.Build.0 = Debug|Any CPU
		{FD0E9B2F-DA69-418A-973F-58FFC6A29BA5}.Release|Any CPU.ActiveCfg = Release|Any CPU
		{FD0E9B2F-DA69-418A-973F-58FFC6A29BA5}.Release|Any CPU.Build.0 = Release|Any CPU
		{3F7B6AD8-ED38-43FB-B6B5-40940ACAA183}.Debug|Any CPU.ActiveCfg = Debug|Any CPU
		{3F7B6AD8-ED38-43FB-B6B5-40940ACAA183}.Debug|Any CPU.Build.0 = Debug|Any CPU
		{3F7B6AD8-ED38-43FB-B6B5-40940ACAA183}.Release|Any CPU.ActiveCfg = Release|Any CPU
		{3F7B6AD8-ED38-43FB-B6B5-40940ACAA183}.Release|Any CPU.Build.0 = Release|Any CPU
		{407F01B3-6E10-4628-B7B2-98BEAC275AD5}.Debug|Any CPU.ActiveCfg = Debug|Any CPU
		{407F01B3-6E10-4628-B7B2-98BEAC275AD5}.Debug|Any CPU.Build.0 = Debug|Any CPU
		{407F01B3-6E10-4628-B7B2-98BEAC275AD5}.Release|Any CPU.ActiveCfg = Release|Any CPU
		{407F01B3-6E10-4628-B7B2-98BEAC275AD5}.Release|Any CPU.Build.0 = Release|Any CPU
		{2EBE7428-DCE6-4998-AF0C-B2FD0242E246}.Debug|Any CPU.ActiveCfg = Debug|Any CPU
		{2EBE7428-DCE6-4998-AF0C-B2FD0242E246}.Debug|Any CPU.Build.0 = Debug|Any CPU
		{2EBE7428-DCE6-4998-AF0C-B2FD0242E246}.Release|Any CPU.ActiveCfg = Release|Any CPU
		{2EBE7428-DCE6-4998-AF0C-B2FD0242E246}.Release|Any CPU.Build.0 = Release|Any CPU
		{16EF9E41-294B-415C-ACA3-B0E1C372D00B}.Debug|Any CPU.ActiveCfg = Debug|Any CPU
		{16EF9E41-294B-415C-ACA3-B0E1C372D00B}.Debug|Any CPU.Build.0 = Debug|Any CPU
		{16EF9E41-294B-415C-ACA3-B0E1C372D00B}.Release|Any CPU.ActiveCfg = Release|Any CPU
		{16EF9E41-294B-415C-ACA3-B0E1C372D00B}.Release|Any CPU.Build.0 = Release|Any CPU
		{7FF07889-FA85-417C-8A59-B7B0BED4C956}.Debug|Any CPU.ActiveCfg = Debug|Any CPU
		{7FF07889-FA85-417C-8A59-B7B0BED4C956}.Debug|Any CPU.Build.0 = Debug|Any CPU
		{7FF07889-FA85-417C-8A59-B7B0BED4C956}.Release|Any CPU.ActiveCfg = Release|Any CPU
		{7FF07889-FA85-417C-8A59-B7B0BED4C956}.Release|Any CPU.Build.0 = Release|Any CPU
		{D86C4BE5-6EF3-4A40-B721-27207B43E780}.Debug|Any CPU.ActiveCfg = Debug|Any CPU
		{D86C4BE5-6EF3-4A40-B721-27207B43E780}.Debug|Any CPU.Build.0 = Debug|Any CPU
		{D86C4BE5-6EF3-4A40-B721-27207B43E780}.Release|Any CPU.ActiveCfg = Release|Any CPU
		{D86C4BE5-6EF3-4A40-B721-27207B43E780}.Release|Any CPU.Build.0 = Release|Any CPU
		{9BCF5C32-45B2-4EC7-B0F0-9A7834EE049F}.Debug|Any CPU.ActiveCfg = Debug|Any CPU
		{9BCF5C32-45B2-4EC7-B0F0-9A7834EE049F}.Debug|Any CPU.Build.0 = Debug|Any CPU
		{9BCF5C32-45B2-4EC7-B0F0-9A7834EE049F}.Release|Any CPU.ActiveCfg = Release|Any CPU
		{9BCF5C32-45B2-4EC7-B0F0-9A7834EE049F}.Release|Any CPU.Build.0 = Release|Any CPU
		{3861E127-D050-4554-87E7-F5DAB7AE39D1}.Debug|Any CPU.ActiveCfg = Debug|Any CPU
		{3861E127-D050-4554-87E7-F5DAB7AE39D1}.Debug|Any CPU.Build.0 = Debug|Any CPU
		{3861E127-D050-4554-87E7-F5DAB7AE39D1}.Release|Any CPU.ActiveCfg = Release|Any CPU
		{3861E127-D050-4554-87E7-F5DAB7AE39D1}.Release|Any CPU.Build.0 = Release|Any CPU
		{426EDADB-747B-4E98-862E-42BE4EC080D5}.Debug|Any CPU.ActiveCfg = Debug|Any CPU
		{426EDADB-747B-4E98-862E-42BE4EC080D5}.Debug|Any CPU.Build.0 = Debug|Any CPU
		{426EDADB-747B-4E98-862E-42BE4EC080D5}.Release|Any CPU.ActiveCfg = Release|Any CPU
		{426EDADB-747B-4E98-862E-42BE4EC080D5}.Release|Any CPU.Build.0 = Release|Any CPU
	EndGlobalSection
	GlobalSection(NestedProjects) = preSolution
		{03AE1B3D-F2F9-4E89-9696-ACCFB002F147} = {92A9802A-2A7E-4EC4-8464-0F80FA394A80}
		{FFB88D25-95F5-4A29-9C6A-EE7F3C2E1B25} = {03AE1B3D-F2F9-4E89-9696-ACCFB002F147}
		{879B74D4-E122-42C7-ACF6-87989160C8E1} = {FFB88D25-95F5-4A29-9C6A-EE7F3C2E1B25}
		{0326E081-16C0-4B3F-9C73-75BB008C5455} = {03AE1B3D-F2F9-4E89-9696-ACCFB002F147}
		{025487F7-52CD-4C94-A739-A1B182EF24DD} = {03AE1B3D-F2F9-4E89-9696-ACCFB002F147}
		{F0284F5C-6796-41A6-8D37-D1C9D6506CC5} = {025487F7-52CD-4C94-A739-A1B182EF24DD}
		{81265F8E-4856-4204-B210-2C598FA95862} = {F0284F5C-6796-41A6-8D37-D1C9D6506CC5}
		{863015B1-3D48-4ADF-B897-3627E54B2394} = {03AE1B3D-F2F9-4E89-9696-ACCFB002F147}
		{198831C0-9CCE-4BA7-8F8D-BAA37954D172} = {863015B1-3D48-4ADF-B897-3627E54B2394}
		{C2FC7223-BA87-4BDD-88F4-FC502CC4552C} = {198831C0-9CCE-4BA7-8F8D-BAA37954D172}
		{6CA30E19-F87B-4B9B-A057-C49717F826A4} = {198831C0-9CCE-4BA7-8F8D-BAA37954D172}
		{B13B7A95-E65B-44BB-AB1F-0548B97B4154} = {198831C0-9CCE-4BA7-8F8D-BAA37954D172}
		{ECB767CE-87EC-4541-A106-AEE4285829DE} = {198831C0-9CCE-4BA7-8F8D-BAA37954D172}
		{876F51C8-2245-4966-98ED-23D05B03B3BC} = {03AE1B3D-F2F9-4E89-9696-ACCFB002F147}
		{94A18DCD-7549-4E39-8125-41C43D280460} = {876F51C8-2245-4966-98ED-23D05B03B3BC}
		{E27DACBA-9B45-4437-9C74-1D75FCC6FE89} = {876F51C8-2245-4966-98ED-23D05B03B3BC}
		{B2476999-2576-4CEF-9B3F-ED7DD72F6555} = {876F51C8-2245-4966-98ED-23D05B03B3BC}
		{CEC9C4A1-10B0-4AEF-9ED6-F735A8F6E02F} = {876F51C8-2245-4966-98ED-23D05B03B3BC}
		{FD0E9B2F-DA69-418A-973F-58FFC6A29BA5} = {FFB88D25-95F5-4A29-9C6A-EE7F3C2E1B25}
		{3F7B6AD8-ED38-43FB-B6B5-40940ACAA183} = {FFB88D25-95F5-4A29-9C6A-EE7F3C2E1B25}
		{407F01B3-6E10-4628-B7B2-98BEAC275AD5} = {FFB88D25-95F5-4A29-9C6A-EE7F3C2E1B25}
		{F657791E-61DF-47E5-AA72-5C85E2505A92} = {03AE1B3D-F2F9-4E89-9696-ACCFB002F147}
		{FDBA44D6-9E34-4FA9-A7EF-906EF48B9D0A} = {FFB88D25-95F5-4A29-9C6A-EE7F3C2E1B25}
		{0D3D5C75-AF04-4E1C-80F3-3AE2E780E45A} = {F657791E-61DF-47E5-AA72-5C85E2505A92}
		{2EBE7428-DCE6-4998-AF0C-B2FD0242E246} = {F657791E-61DF-47E5-AA72-5C85E2505A92}
		{16EF9E41-294B-415C-ACA3-B0E1C372D00B} = {F657791E-61DF-47E5-AA72-5C85E2505A92}
		{7FF07889-FA85-417C-8A59-B7B0BED4C956} = {F657791E-61DF-47E5-AA72-5C85E2505A92}
		{DB587895-827A-4BB9-BC4F-99035A02612A} = {863015B1-3D48-4ADF-B897-3627E54B2394}
		{E25DBDF6-145B-474E-97EE-F142E3EF38C7} = {DB587895-827A-4BB9-BC4F-99035A02612A}
		{D86C4BE5-6EF3-4A40-B721-27207B43E780} = {DB587895-827A-4BB9-BC4F-99035A02612A}
		{9BCF5C32-45B2-4EC7-B0F0-9A7834EE049F} = {DB587895-827A-4BB9-BC4F-99035A02612A}
		{3861E127-D050-4554-87E7-F5DAB7AE39D1} = {DB587895-827A-4BB9-BC4F-99035A02612A}
		{426EDADB-747B-4E98-862E-42BE4EC080D5} = {198831C0-9CCE-4BA7-8F8D-BAA37954D172}
	EndGlobalSection
EndGlobal
