
Microsoft Visual Studio Solution File, Format Version 12.00
Project("{2150E333-8FDC-42A3-9474-1A3956D46DE8}") = "Solution Items", "Solution Items", "{65375FAF-5751-4647-A29E-D9D7D3076E3F}"
	ProjectSection(SolutionItems) = preProject
		docker-compose.yml = docker-compose.yml
	EndProjectSection
EndProject
Project("{2150E333-8FDC-42A3-9474-1A3956D46DE8}") = "src", "src", "{92A9802A-2A7E-4EC4-8464-0F80FA394A80}"
EndProject
Project("{2150E333-8FDC-42A3-9474-1A3956D46DE8}") = "services", "services", "{03AE1B3D-F2F9-4E89-9696-ACCFB002F147}"
EndProject
Project("{2150E333-8FDC-42A3-9474-1A3956D46DE8}") = "Identity", "Identity", "{FFB88D25-95F5-4A29-9C6A-EE7F3C2E1B25}"
EndProject
Project("{2150E333-8FDC-42A3-9474-1A3956D46DE8}") = "Admin", "Admin", "{5B85B404-D683-4C18-B5ED-BDD8EF1D59B4}"
EndProject
Project("{FAE04EC0-301F-11D3-BF4B-00C04F79EFBC}") = "Shopi.Identity.API", "Shopi.Identity.API\Shopi.Identity.API.csproj", "{879B74D4-E122-42C7-ACF6-87989160C8E1}"
EndProject
Project("{FAE04EC0-301F-11D3-BF4B-00C04F79EFBC}") = "Shopi.BFF", "Shopi.BFF\Shopi.BFF.csproj", "{0326E081-16C0-4B3F-9C73-75BB008C5455}"
EndProject
Project("{2150E333-8FDC-42A3-9474-1A3956D46DE8}") = "Building Blocks", "Building Blocks", "{025487F7-52CD-4C94-A739-A1B182EF24DD}"
EndProject
Project("{2150E333-8FDC-42A3-9474-1A3956D46DE8}") = "core", "core", "{F0284F5C-6796-41A6-8D37-D1C9D6506CC5}"
EndProject
Project("{FAE04EC0-301F-11D3-BF4B-00C04F79EFBC}") = "Shopi.Core", "Shopi.Core\Shopi.Core.csproj", "{81265F8E-4856-4204-B210-2C598FA95862}"
EndProject
Project("{FAE04EC0-301F-11D3-BF4B-00C04F79EFBC}") = "Shopi.Customer.API", "Shopi.Customer.API\Shopi.Customer.API.csproj", "{0D3D5C75-AF04-4E1C-80F3-3AE2E780E45A}"
EndProject
Global
	GlobalSection(SolutionConfigurationPlatforms) = preSolution
		Debug|Any CPU = Debug|Any CPU
		Release|Any CPU = Release|Any CPU
	EndGlobalSection
	GlobalSection(ProjectConfigurationPlatforms) = postSolution
		{879B74D4-E122-42C7-ACF6-87989160C8E1}.Debug|Any CPU.ActiveCfg = Debug|Any CPU
		{879B74D4-E122-42C7-ACF6-87989160C8E1}.Debug|Any CPU.Build.0 = Debug|Any CPU
		{879B74D4-E122-42C7-ACF6-87989160C8E1}.Release|Any CPU.ActiveCfg = Release|Any CPU
		{879B74D4-E122-42C7-ACF6-87989160C8E1}.Release|Any CPU.Build.0 = Release|Any CPU
		{0326E081-16C0-4B3F-9C73-75BB008C5455}.Debug|Any CPU.ActiveCfg = Debug|Any CPU
		{0326E081-16C0-4B3F-9C73-75BB008C5455}.Debug|Any CPU.Build.0 = Debug|Any CPU
		{0326E081-16C0-4B3F-9C73-75BB008C5455}.Release|Any CPU.ActiveCfg = Release|Any CPU
		{0326E081-16C0-4B3F-9C73-75BB008C5455}.Release|Any CPU.Build.0 = Release|Any CPU
		{81265F8E-4856-4204-B210-2C598FA95862}.Debug|Any CPU.ActiveCfg = Debug|Any CPU
		{81265F8E-4856-4204-B210-2C598FA95862}.Debug|Any CPU.Build.0 = Debug|Any CPU
		{81265F8E-4856-4204-B210-2C598FA95862}.Release|Any CPU.ActiveCfg = Release|Any CPU
		{81265F8E-4856-4204-B210-2C598FA95862}.Release|Any CPU.Build.0 = Release|Any CPU
		{0D3D5C75-AF04-4E1C-80F3-3AE2E780E45A}.Debug|Any CPU.ActiveCfg = Debug|Any CPU
		{0D3D5C75-AF04-4E1C-80F3-3AE2E780E45A}.Debug|Any CPU.Build.0 = Debug|Any CPU
		{0D3D5C75-AF04-4E1C-80F3-3AE2E780E45A}.Release|Any CPU.ActiveCfg = Release|Any CPU
		{0D3D5C75-AF04-4E1C-80F3-3AE2E780E45A}.Release|Any CPU.Build.0 = Release|Any CPU
	EndGlobalSection
	GlobalSection(NestedProjects) = preSolution
		{03AE1B3D-F2F9-4E89-9696-ACCFB002F147} = {92A9802A-2A7E-4EC4-8464-0F80FA394A80}
		{FFB88D25-95F5-4A29-9C6A-EE7F3C2E1B25} = {03AE1B3D-F2F9-4E89-9696-ACCFB002F147}
		{5B85B404-D683-4C18-B5ED-BDD8EF1D59B4} = {03AE1B3D-F2F9-4E89-9696-ACCFB002F147}
		{879B74D4-E122-42C7-ACF6-87989160C8E1} = {FFB88D25-95F5-4A29-9C6A-EE7F3C2E1B25}
		{0326E081-16C0-4B3F-9C73-75BB008C5455} = {03AE1B3D-F2F9-4E89-9696-ACCFB002F147}
		{025487F7-52CD-4C94-A739-A1B182EF24DD} = {03AE1B3D-F2F9-4E89-9696-ACCFB002F147}
		{F0284F5C-6796-41A6-8D37-D1C9D6506CC5} = {025487F7-52CD-4C94-A739-A1B182EF24DD}
		{81265F8E-4856-4204-B210-2C598FA95862} = {F0284F5C-6796-41A6-8D37-D1C9D6506CC5}
		{0D3D5C75-AF04-4E1C-80F3-3AE2E780E45A} = {03AE1B3D-F2F9-4E89-9696-ACCFB002F147}
	EndGlobalSection
EndGlobal
