
Microsoft Visual Studio Solution File, Format Version 12.00
Project("{2150E333-8FDC-42A3-9474-1A3956D46DE8}") = "Solution Items", "Solution Items", "{65375FAF-5751-4647-A29E-D9D7D3076E3F}"
	ProjectSection(SolutionItems) = preProject
		docker-compose.yml = docker-compose.yml
		nginx.conf = nginx.conf
	EndProjectSection
EndProject
Project("{2150E333-8FDC-42A3-9474-1A3956D46DE8}") = "src", "src", "{92A9802A-2A7E-4EC4-8464-0F80FA394A80}"
EndProject
Project("{2150E333-8FDC-42A3-9474-1A3956D46DE8}") = "services", "services", "{03AE1B3D-F2F9-4E89-9696-ACCFB002F147}"
EndProject
Project("{2150E333-8FDC-42A3-9474-1A3956D46DE8}") = "Identity", "Identity", "{FFB88D25-95F5-4A29-9C6A-EE7F3C2E1B25}"
EndProject
Project("{FAE04EC0-301F-11D3-BF4B-00C04F79EFBC}") = "Shopi.Identity.API", "Shopi.Identity.API\Shopi.Identity.API.csproj", "{879B74D4-E122-42C7-ACF6-87989160C8E1}"
EndProject
Project("{FAE04EC0-301F-11D3-BF4B-00C04F79EFBC}") = "Shopi.BFF", "Shopi.BFF\Shopi.BFF.csproj", "{0326E081-16C0-4B3F-9C73-75BB008C5455}"
EndProject
Project("{2150E333-8FDC-42A3-9474-1A3956D46DE8}") = "Building Blocks", "Building Blocks", "{025487F7-52CD-4C94-A739-A1B182EF24DD}"
EndProject
Project("{2150E333-8FDC-42A3-9474-1A3956D46DE8}") = "core", "core", "{F0284F5C-6796-41A6-8D37-D1C9D6506CC5}"
EndProject
Project("{FAE04EC0-301F-11D3-BF4B-00C04F79EFBC}") = "Shopi.Core", "Shopi.Core\Shopi.Core.csproj", "{81265F8E-4856-4204-B210-2C598FA95862}"
EndProject
Project("{FAE04EC0-301F-11D3-BF4B-00C04F79EFBC}") = "Shopi.Customer.API", "Shopi.Customer.API\Shopi.Customer.API.csproj", "{0D3D5C75-AF04-4E1C-80F3-3AE2E780E45A}"
EndProject
Project("{2150E333-8FDC-42A3-9474-1A3956D46DE8}") = "tests", "tests", "{280E45BA-DD53-4714-AA7E-DD3062F5535B}"
EndProject
Project("{2150E333-8FDC-42A3-9474-1A3956D46DE8}") = "ShopiIdentityApiTests", "ShopiIdentityApiTests", "{288867B8-1538-4CFA-998E-211024D4F0A4}"
EndProject
Project("{FAE04EC0-301F-11D3-BF4B-00C04F79EFBC}") = "Shopi.Identity.Tests.Unit", "Shopi.Identity.Tests.Unit\Shopi.Identity.Tests.Unit.csproj", "{FDBA44D6-9E34-4FA9-A7EF-906EF48B9D0A}"
EndProject
Project("{2150E333-8FDC-42A3-9474-1A3956D46DE8}") = "Products", "Products", "{863015B1-3D48-4ADF-B897-3627E54B2394}"
EndProject
Project("{FAE04EC0-301F-11D3-BF4B-00C04F79EFBC}") = "Shopi.Product.API", "Shopi.Product.API\Shopi.Product.API.csproj", "{ECB767CE-87EC-4541-A106-AEE4285829DE}"
EndProject
Project("{FAE04EC0-301F-11D3-BF4B-00C04F79EFBC}") = "Shopi.Cart.API", "Shopi.Cart.API\Shopi.Cart.API.csproj", "{D44F356D-F16A-4EF9-BD95-96004B638414}"
EndProject
Project("{FAE04EC0-301F-11D3-BF4B-00C04F79EFBC}") = "Shopi.Payment.API", "Shopi.Payment.API\Shopi.Payment.API.csproj", "{F71447CB-862E-448F-BDAD-ABA4528AF1C7}"
EndProject
Project("{FAE04EC0-301F-11D3-BF4B-00C04F79EFBC}") = "Shopi.Admin.API", "Shopi.Admin.API\Shopi.Admin.API.csproj", "{94A18DCD-7549-4E39-8125-41C43D280460}"
EndProject
Project("{FAE04EC0-301F-11D3-BF4B-00C04F79EFBC}") = "Shopi.Images.API", "Shopi.Images.API\Shopi.Images.API.csproj", "{E25DBDF6-145B-474E-97EE-F142E3EF38C7}"
EndProject
Project("{FAE04EC0-301F-11D3-BF4B-00C04F79EFBC}") = "Shopi.Identity.Tests.Integration", "Shopi.Identity.Tests.Integration\Shopi.Identity.Tests.Integration.csproj", "{ED1A9BB8-9905-4EE4-A977-40DF31ED44A9}"
EndProject
Project("{2150E333-8FDC-42A3-9474-1A3956D46DE8}") = "Product", "Product", "{198831C0-9CCE-4BA7-8F8D-BAA37954D172}"
EndProject
Project("{FAE04EC0-301F-11D3-BF4B-00C04F79EFBC}") = "Shopi.Product.Application", "Shopi.Product.Application\Shopi.Product.Application.csproj", "{C2FC7223-BA87-4BDD-88F4-FC502CC4552C}"
EndProject
Project("{FAE04EC0-301F-11D3-BF4B-00C04F79EFBC}") = "Shopi.Product.Domain", "Shopi.Product.Domain\Shopi.Product.Domain.csproj", "{6CA30E19-F87B-4B9B-A057-C49717F826A4}"
EndProject
Project("{FAE04EC0-301F-11D3-BF4B-00C04F79EFBC}") = "Shopi.Product.Infrastructure", "Shopi.Product.Infrastructure\Shopi.Product.Infrastructure.csproj", "{B13B7A95-E65B-44BB-AB1F-0548B97B4154}"
EndProject
Project("{FAE04EC0-301F-11D3-BF4B-00C04F79EFBC}") = "Shopi.Product.Tests.Unit", "Shopi.Product.Tests.Unit\Shopi.Product.Tests.Unit.csproj", "{A7377050-7808-4DB7-8E82-5153659221E4}"
EndProject
Global
	GlobalSection(SolutionConfigurationPlatforms) = preSolution
		Debug|Any CPU = Debug|Any CPU
		Release|Any CPU = Release|Any CPU
	EndGlobalSection
	GlobalSection(ProjectConfigurationPlatforms) = postSolution
		{879B74D4-E122-42C7-ACF6-87989160C8E1}.Debug|Any CPU.ActiveCfg = Debug|Any CPU
		{879B74D4-E122-42C7-ACF6-87989160C8E1}.Debug|Any CPU.Build.0 = Debug|Any CPU
		{879B74D4-E122-42C7-ACF6-87989160C8E1}.Release|Any CPU.ActiveCfg = Release|Any CPU
		{879B74D4-E122-42C7-ACF6-87989160C8E1}.Release|Any CPU.Build.0 = Release|Any CPU
		{0326E081-16C0-4B3F-9C73-75BB008C5455}.Debug|Any CPU.ActiveCfg = Debug|Any CPU
		{0326E081-16C0-4B3F-9C73-75BB008C5455}.Debug|Any CPU.Build.0 = Debug|Any CPU
		{0326E081-16C0-4B3F-9C73-75BB008C5455}.Release|Any CPU.ActiveCfg = Release|Any CPU
		{0326E081-16C0-4B3F-9C73-75BB008C5455}.Release|Any CPU.Build.0 = Release|Any CPU
		{81265F8E-4856-4204-B210-2C598FA95862}.Debug|Any CPU.ActiveCfg = Debug|Any CPU
		{81265F8E-4856-4204-B210-2C598FA95862}.Debug|Any CPU.Build.0 = Debug|Any CPU
		{81265F8E-4856-4204-B210-2C598FA95862}.Release|Any CPU.ActiveCfg = Release|Any CPU
		{81265F8E-4856-4204-B210-2C598FA95862}.Release|Any CPU.Build.0 = Release|Any CPU
		{0D3D5C75-AF04-4E1C-80F3-3AE2E780E45A}.Debug|Any CPU.ActiveCfg = Debug|Any CPU
		{0D3D5C75-AF04-4E1C-80F3-3AE2E780E45A}.Debug|Any CPU.Build.0 = Debug|Any CPU
		{0D3D5C75-AF04-4E1C-80F3-3AE2E780E45A}.Release|Any CPU.ActiveCfg = Release|Any CPU
		{0D3D5C75-AF04-4E1C-80F3-3AE2E780E45A}.Release|Any CPU.Build.0 = Release|Any CPU
		{FDBA44D6-9E34-4FA9-A7EF-906EF48B9D0A}.Debug|Any CPU.ActiveCfg = Debug|Any CPU
		{FDBA44D6-9E34-4FA9-A7EF-906EF48B9D0A}.Debug|Any CPU.Build.0 = Debug|Any CPU
		{FDBA44D6-9E34-4FA9-A7EF-906EF48B9D0A}.Release|Any CPU.ActiveCfg = Release|Any CPU
		{FDBA44D6-9E34-4FA9-A7EF-906EF48B9D0A}.Release|Any CPU.Build.0 = Release|Any CPU
		{ECB767CE-87EC-4541-A106-AEE4285829DE}.Debug|Any CPU.ActiveCfg = Debug|Any CPU
		{ECB767CE-87EC-4541-A106-AEE4285829DE}.Debug|Any CPU.Build.0 = Debug|Any CPU
		{ECB767CE-87EC-4541-A106-AEE4285829DE}.Release|Any CPU.ActiveCfg = Release|Any CPU
		{ECB767CE-87EC-4541-A106-AEE4285829DE}.Release|Any CPU.Build.0 = Release|Any CPU
		{D44F356D-F16A-4EF9-BD95-96004B638414}.Debug|Any CPU.ActiveCfg = Debug|Any CPU
		{D44F356D-F16A-4EF9-BD95-96004B638414}.Debug|Any CPU.Build.0 = Debug|Any CPU
		{D44F356D-F16A-4EF9-BD95-96004B638414}.Release|Any CPU.ActiveCfg = Release|Any CPU
		{D44F356D-F16A-4EF9-BD95-96004B638414}.Release|Any CPU.Build.0 = Release|Any CPU
		{F71447CB-862E-448F-BDAD-ABA4528AF1C7}.Debug|Any CPU.ActiveCfg = Debug|Any CPU
		{F71447CB-862E-448F-BDAD-ABA4528AF1C7}.Debug|Any CPU.Build.0 = Debug|Any CPU
		{F71447CB-862E-448F-BDAD-ABA4528AF1C7}.Release|Any CPU.ActiveCfg = Release|Any CPU
		{F71447CB-862E-448F-BDAD-ABA4528AF1C7}.Release|Any CPU.Build.0 = Release|Any CPU
		{94A18DCD-7549-4E39-8125-41C43D280460}.Debug|Any CPU.ActiveCfg = Debug|Any CPU
		{94A18DCD-7549-4E39-8125-41C43D280460}.Debug|Any CPU.Build.0 = Debug|Any CPU
		{94A18DCD-7549-4E39-8125-41C43D280460}.Release|Any CPU.ActiveCfg = Release|Any CPU
		{94A18DCD-7549-4E39-8125-41C43D280460}.Release|Any CPU.Build.0 = Release|Any CPU
		{E25DBDF6-145B-474E-97EE-F142E3EF38C7}.Debug|Any CPU.ActiveCfg = Debug|Any CPU
		{E25DBDF6-145B-474E-97EE-F142E3EF38C7}.Debug|Any CPU.Build.0 = Debug|Any CPU
		{E25DBDF6-145B-474E-97EE-F142E3EF38C7}.Release|Any CPU.ActiveCfg = Release|Any CPU
		{E25DBDF6-145B-474E-97EE-F142E3EF38C7}.Release|Any CPU.Build.0 = Release|Any CPU
		{ED1A9BB8-9905-4EE4-A977-40DF31ED44A9}.Debug|Any CPU.ActiveCfg = Debug|Any CPU
		{ED1A9BB8-9905-4EE4-A977-40DF31ED44A9}.Debug|Any CPU.Build.0 = Debug|Any CPU
		{ED1A9BB8-9905-4EE4-A977-40DF31ED44A9}.Release|Any CPU.ActiveCfg = Release|Any CPU
		{ED1A9BB8-9905-4EE4-A977-40DF31ED44A9}.Release|Any CPU.Build.0 = Release|Any CPU
		{C2FC7223-BA87-4BDD-88F4-FC502CC4552C}.Debug|Any CPU.ActiveCfg = Debug|Any CPU
		{C2FC7223-BA87-4BDD-88F4-FC502CC4552C}.Debug|Any CPU.Build.0 = Debug|Any CPU
		{C2FC7223-BA87-4BDD-88F4-FC502CC4552C}.Release|Any CPU.ActiveCfg = Release|Any CPU
		{C2FC7223-BA87-4BDD-88F4-FC502CC4552C}.Release|Any CPU.Build.0 = Release|Any CPU
		{6CA30E19-F87B-4B9B-A057-C49717F826A4}.Debug|Any CPU.ActiveCfg = Debug|Any CPU
		{6CA30E19-F87B-4B9B-A057-C49717F826A4}.Debug|Any CPU.Build.0 = Debug|Any CPU
		{6CA30E19-F87B-4B9B-A057-C49717F826A4}.Release|Any CPU.ActiveCfg = Release|Any CPU
		{6CA30E19-F87B-4B9B-A057-C49717F826A4}.Release|Any CPU.Build.0 = Release|Any CPU
		{B13B7A95-E65B-44BB-AB1F-0548B97B4154}.Debug|Any CPU.ActiveCfg = Debug|Any CPU
		{B13B7A95-E65B-44BB-AB1F-0548B97B4154}.Debug|Any CPU.Build.0 = Debug|Any CPU
		{B13B7A95-E65B-44BB-AB1F-0548B97B4154}.Release|Any CPU.ActiveCfg = Release|Any CPU
		{B13B7A95-E65B-44BB-AB1F-0548B97B4154}.Release|Any CPU.Build.0 = Release|Any CPU
		{A7377050-7808-4DB7-8E82-5153659221E4}.Debug|Any CPU.ActiveCfg = Debug|Any CPU
		{A7377050-7808-4DB7-8E82-5153659221E4}.Debug|Any CPU.Build.0 = Debug|Any CPU
		{A7377050-7808-4DB7-8E82-5153659221E4}.Release|Any CPU.ActiveCfg = Release|Any CPU
		{A7377050-7808-4DB7-8E82-5153659221E4}.Release|Any CPU.Build.0 = Release|Any CPU
	EndGlobalSection
	GlobalSection(NestedProjects) = preSolution
		{03AE1B3D-F2F9-4E89-9696-ACCFB002F147} = {92A9802A-2A7E-4EC4-8464-0F80FA394A80}
		{FFB88D25-95F5-4A29-9C6A-EE7F3C2E1B25} = {03AE1B3D-F2F9-4E89-9696-ACCFB002F147}
		{879B74D4-E122-42C7-ACF6-87989160C8E1} = {FFB88D25-95F5-4A29-9C6A-EE7F3C2E1B25}
		{0326E081-16C0-4B3F-9C73-75BB008C5455} = {03AE1B3D-F2F9-4E89-9696-ACCFB002F147}
		{025487F7-52CD-4C94-A739-A1B182EF24DD} = {03AE1B3D-F2F9-4E89-9696-ACCFB002F147}
		{F0284F5C-6796-41A6-8D37-D1C9D6506CC5} = {025487F7-52CD-4C94-A739-A1B182EF24DD}
		{81265F8E-4856-4204-B210-2C598FA95862} = {F0284F5C-6796-41A6-8D37-D1C9D6506CC5}
		{0D3D5C75-AF04-4E1C-80F3-3AE2E780E45A} = {03AE1B3D-F2F9-4E89-9696-ACCFB002F147}
		{288867B8-1538-4CFA-998E-211024D4F0A4} = {280E45BA-DD53-4714-AA7E-DD3062F5535B}
		{FDBA44D6-9E34-4FA9-A7EF-906EF48B9D0A} = {288867B8-1538-4CFA-998E-211024D4F0A4}
		{863015B1-3D48-4ADF-B897-3627E54B2394} = {03AE1B3D-F2F9-4E89-9696-ACCFB002F147}
		{D44F356D-F16A-4EF9-BD95-96004B638414} = {863015B1-3D48-4ADF-B897-3627E54B2394}
		{F71447CB-862E-448F-BDAD-ABA4528AF1C7} = {03AE1B3D-F2F9-4E89-9696-ACCFB002F147}
		{94A18DCD-7549-4E39-8125-41C43D280460} = {03AE1B3D-F2F9-4E89-9696-ACCFB002F147}
		{E25DBDF6-145B-474E-97EE-F142E3EF38C7} = {863015B1-3D48-4ADF-B897-3627E54B2394}
		{ED1A9BB8-9905-4EE4-A977-40DF31ED44A9} = {288867B8-1538-4CFA-998E-211024D4F0A4}
		{198831C0-9CCE-4BA7-8F8D-BAA37954D172} = {863015B1-3D48-4ADF-B897-3627E54B2394}
		{C2FC7223-BA87-4BDD-88F4-FC502CC4552C} = {198831C0-9CCE-4BA7-8F8D-BAA37954D172}
		{6CA30E19-F87B-4B9B-A057-C49717F826A4} = {198831C0-9CCE-4BA7-8F8D-BAA37954D172}
		{B13B7A95-E65B-44BB-AB1F-0548B97B4154} = {198831C0-9CCE-4BA7-8F8D-BAA37954D172}
		{A7377050-7808-4DB7-8E82-5153659221E4} = {198831C0-9CCE-4BA7-8F8D-BAA37954D172}
		{ECB767CE-87EC-4541-A106-AEE4285829DE} = {198831C0-9CCE-4BA7-8F8D-BAA37954D172}
	EndGlobalSection
EndGlobal
